// !$*UTF8*$!
{
	archiveVersion = 1;
	classes = {
	};
	objectVersion = 50;
	objects = {

/* Begin PBXBuildFile section */
		304F848A2113C7CD00737746 /* main.c in Sources */ = {isa = PBXBuildFile; fileRef = 304F84892113C7CD00737746 /* main.c */; };
		304F84952113C7EF00737746 /* sys.c in Sources */ = {isa = PBXBuildFile; fileRef = 304F84902113C7EE00737746 /* sys.c */; };
		304F84962113C7EF00737746 /* tffunctions.c in Sources */ = {isa = PBXBuildFile; fileRef = 304F84922113C7EE00737746 /* tffunctions.c */; };
		304F849F2113C8C800737746 /* SDL2_ttf.framework in Frameworks */ = {isa = PBXBuildFile; fileRef = 304F849B2113C8C800737746 /* SDL2_ttf.framework */; };
		304F84A02113C8C800737746 /* SDL2_mixer.framework in Frameworks */ = {isa = PBXBuildFile; fileRef = 304F849C2113C8C800737746 /* SDL2_mixer.framework */; };
		304F84A12113C8C800737746 /* SDL2_image.framework in Frameworks */ = {isa = PBXBuildFile; fileRef = 304F849D2113C8C800737746 /* SDL2_image.framework */; };
		304F84A22113C8C800737746 /* SDL2.framework in Frameworks */ = {isa = PBXBuildFile; fileRef = 304F849E2113C8C800737746 /* SDL2.framework */; };
		304FF284214D904400BDF10A /* project.c in Sources */ = {isa = PBXBuildFile; fileRef = 304FF283214D904400BDF10A /* project.c */; };
/* End PBXBuildFile section */

/* Begin PBXCopyFilesBuildPhase section */
		304F84842113C7CD00737746 /* CopyFiles */ = {
			isa = PBXCopyFilesBuildPhase;
			buildActionMask = 2147483647;
			dstPath = /usr/share/man/man1/;
			dstSubfolderSpec = 0;
			files = (
			);
			runOnlyForDeploymentPostprocessing = 1;
		};
/* End PBXCopyFilesBuildPhase section */

/* Begin PBXFileReference section */
		304F84862113C7CD00737746 /* TileEdit */ = {isa = PBXFileReference; explicitFileType = "compiled.mach-o.executable"; includeInIndex = 0; path = TileEdit; sourceTree = BUILT_PRODUCTS_DIR; };
		304F84892113C7CD00737746 /* main.c */ = {isa = PBXFileReference; lastKnownFileType = sourcecode.c.c; path = main.c; sourceTree = "<group>"; };
		304F84902113C7EE00737746 /* sys.c */ = {isa = PBXFileReference; fileEncoding = 4; lastKnownFileType = sourcecode.c.c; path = sys.c; sourceTree = "<group>"; };
		304F84922113C7EE00737746 /* tffunctions.c */ = {isa = PBXFileReference; fileEncoding = 4; lastKnownFileType = sourcecode.c.c; path = tffunctions.c; sourceTree = "<group>"; };
		304F84932113C7EF00737746 /* tffunctions.h */ = {isa = PBXFileReference; fileEncoding = 4; lastKnownFileType = sourcecode.c.h; path = tffunctions.h; sourceTree = "<group>"; };
		304F84942113C7EF00737746 /* sys.h */ = {isa = PBXFileReference; fileEncoding = 4; lastKnownFileType = sourcecode.c.h; path = sys.h; sourceTree = "<group>"; };
		304F849B2113C8C800737746 /* SDL2_ttf.framework */ = {isa = PBXFileReference; lastKnownFileType = wrapper.framework; name = SDL2_ttf.framework; path = ../../../../../Library/Frameworks/SDL2_ttf.framework; sourceTree = "<group>"; };
		304F849C2113C8C800737746 /* SDL2_mixer.framework */ = {isa = PBXFileReference; lastKnownFileType = wrapper.framework; name = SDL2_mixer.framework; path = ../../../../../Library/Frameworks/SDL2_mixer.framework; sourceTree = "<group>"; };
		304F849D2113C8C800737746 /* SDL2_image.framework */ = {isa = PBXFileReference; lastKnownFileType = wrapper.framework; name = SDL2_image.framework; path = ../../../../../Library/Frameworks/SDL2_image.framework; sourceTree = "<group>"; };
		304F849E2113C8C800737746 /* SDL2.framework */ = {isa = PBXFileReference; lastKnownFileType = wrapper.framework; name = SDL2.framework; path = ../../../../../Library/Frameworks/SDL2.framework; sourceTree = "<group>"; };
		304FF282214D904400BDF10A /* project.h */ = {isa = PBXFileReference; lastKnownFileType = sourcecode.c.h; path = project.h; sourceTree = "<group>"; };
		304FF283214D904400BDF10A /* project.c */ = {isa = PBXFileReference; lastKnownFileType = sourcecode.c.c; path = project.c; sourceTree = "<group>"; };
		304FF28D214F416600BDF10A /* Px437_IBM_VGA9.ttf */ = {isa = PBXFileReference; lastKnownFileType = file; path = Px437_IBM_VGA9.ttf; sourceTree = "<group>"; };
		30DA8E4F2117A4130075BCDC /* main.h */ = {isa = PBXFileReference; lastKnownFileType = sourcecode.c.h; path = main.h; sourceTree = "<group>"; };
/* End PBXFileReference section */

/* Begin PBXFrameworksBuildPhase section */
		304F84832113C7CD00737746 /* Frameworks */ = {
			isa = PBXFrameworksBuildPhase;
			buildActionMask = 2147483647;
			files = (
				304F849F2113C8C800737746 /* SDL2_ttf.framework in Frameworks */,
				304F84A02113C8C800737746 /* SDL2_mixer.framework in Frameworks */,
				304F84A12113C8C800737746 /* SDL2_image.framework in Frameworks */,
				304F84A22113C8C800737746 /* SDL2.framework in Frameworks */,
			);
			runOnlyForDeploymentPostprocessing = 0;
		};
/* End PBXFrameworksBuildPhase section */

/* Begin PBXGroup section */
		304F847D2113C7CD00737746 = {
			isa = PBXGroup;
			children = (
				304FF28C214F411E00BDF10A /* fonts */,
				304F84882113C7CD00737746 /* TileEdit */,
				304F84872113C7CD00737746 /* Products */,
				304F849A2113C8C700737746 /* Frameworks */,
			);
			sourceTree = "<group>";
		};
		304F84872113C7CD00737746 /* Products */ = {
			isa = PBXGroup;
			children = (
				304F84862113C7CD00737746 /* TileEdit */,
			);
			name = Products;
			sourceTree = "<group>";
		};
		304F84882113C7CD00737746 /* TileEdit */ = {
			isa = PBXGroup;
			children = (
				30DA8E4F2117A4130075BCDC /* main.h */,
				304F84892113C7CD00737746 /* main.c */,
				304F84942113C7EF00737746 /* sys.h */,
				304F84902113C7EE00737746 /* sys.c */,
				304F84932113C7EF00737746 /* tffunctions.h */,
				304F84922113C7EE00737746 /* tffunctions.c */,
				304FF282214D904400BDF10A /* project.h */,
				304FF283214D904400BDF10A /* project.c */,
			);
			path = TileEdit;
			sourceTree = "<group>";
		};
		304F849A2113C8C700737746 /* Frameworks */ = {
			isa = PBXGroup;
			children = (
				304F849D2113C8C800737746 /* SDL2_image.framework */,
				304F849C2113C8C800737746 /* SDL2_mixer.framework */,
				304F849B2113C8C800737746 /* SDL2_ttf.framework */,
				304F849E2113C8C800737746 /* SDL2.framework */,
			);
			name = Frameworks;
			sourceTree = "<group>";
		};
		304FF28C214F411E00BDF10A /* fonts */ = {
			isa = PBXGroup;
			children = (
				304FF28D214F416600BDF10A /* Px437_IBM_VGA9.ttf */,
			);
			path = fonts;
			sourceTree = "<group>";
		};
/* End PBXGroup section */

/* Begin PBXNativeTarget section */
		304F84852113C7CD00737746 /* TileEdit */ = {
			isa = PBXNativeTarget;
			buildConfigurationList = 304F848D2113C7CD00737746 /* Build configuration list for PBXNativeTarget "TileEdit" */;
			buildPhases = (
				304F84822113C7CD00737746 /* Sources */,
				304F84832113C7CD00737746 /* Frameworks */,
				304F84842113C7CD00737746 /* CopyFiles */,
			);
			buildRules = (
			);
			dependencies = (
			);
			name = TileEdit;
			productName = TileEdit;
			productReference = 304F84862113C7CD00737746 /* TileEdit */;
			productType = "com.apple.product-type.tool";
		};
/* End PBXNativeTarget section */

/* Begin PBXProject section */
		304F847E2113C7CD00737746 /* Project object */ = {
			isa = PBXProject;
			attributes = {
				LastUpgradeCheck = 1000;
				ORGANIZATIONNAME = "Thomas Foster";
				TargetAttributes = {
					304F84852113C7CD00737746 = {
						CreatedOnToolsVersion = 10.0;
					};
				};
			};
			buildConfigurationList = 304F84812113C7CD00737746 /* Build configuration list for PBXProject "TileEdit" */;
			compatibilityVersion = "Xcode 9.3";
			developmentRegion = en;
			hasScannedForEncodings = 0;
			knownRegions = (
				en,
			);
			mainGroup = 304F847D2113C7CD00737746;
			productRefGroup = 304F84872113C7CD00737746 /* Products */;
			projectDirPath = "";
			projectRoot = "";
			targets = (
				304F84852113C7CD00737746 /* TileEdit */,
			);
		};
/* End PBXProject section */

/* Begin PBXSourcesBuildPhase section */
		304F84822113C7CD00737746 /* Sources */ = {
			isa = PBXSourcesBuildPhase;
			buildActionMask = 2147483647;
			files = (
				304F848A2113C7CD00737746 /* main.c in Sources */,
				304FF284214D904400BDF10A /* project.c in Sources */,
				304F84952113C7EF00737746 /* sys.c in Sources */,
				304F84962113C7EF00737746 /* tffunctions.c in Sources */,
			);
			runOnlyForDeploymentPostprocessing = 0;
		};
/* End PBXSourcesBuildPhase section */

/* Begin XCBuildConfiguration section */
		304F848B2113C7CD00737746 /* Debug */ = {
			isa = XCBuildConfiguration;
			buildSettings = {
				ALWAYS_SEARCH_USER_PATHS = NO;
				CLANG_ANALYZER_NONNULL = YES;
				CLANG_ANALYZER_NUMBER_OBJECT_CONVERSION = YES_AGGRESSIVE;
				CLANG_CXX_LANGUAGE_STANDARD = "gnu++14";
				CLANG_CXX_LIBRARY = "libc++";
				CLANG_ENABLE_MODULES = YES;
				CLANG_ENABLE_OBJC_ARC = YES;
				CLANG_ENABLE_OBJC_WEAK = YES;
				CLANG_WARN_BLOCK_CAPTURE_AUTORELEASING = YES;
				CLANG_WARN_BOOL_CONVERSION = YES;
				CLANG_WARN_COMMA = YES;
				CLANG_WARN_CONSTANT_CONVERSION = YES;
				CLANG_WARN_DEPRECATED_OBJC_IMPLEMENTATIONS = YES;
				CLANG_WARN_DIRECT_OBJC_ISA_USAGE = YES_ERROR;
				CLANG_WARN_DOCUMENTATION_COMMENTS = YES;
				CLANG_WARN_EMPTY_BODY = YES;
				CLANG_WARN_ENUM_CONVERSION = YES;
				CLANG_WARN_INFINITE_RECURSION = YES;
				CLANG_WARN_INT_CONVERSION = YES;
				CLANG_WARN_NON_LITERAL_NULL_CONVERSION = YES;
				CLANG_WARN_OBJC_IMPLICIT_RETAIN_SELF = YES;
				CLANG_WARN_OBJC_LITERAL_CONVERSION = YES;
				CLANG_WARN_OBJC_ROOT_CLASS = YES_ERROR;
				CLANG_WARN_RANGE_LOOP_ANALYSIS = YES;
				CLANG_WARN_STRICT_PROTOTYPES = YES;
				CLANG_WARN_SUSPICIOUS_MOVE = YES;
				CLANG_WARN_UNGUARDED_AVAILABILITY = YES_AGGRESSIVE;
				CLANG_WARN_UNREACHABLE_CODE = YES;
				CLANG_WARN__DUPLICATE_METHOD_MATCH = YES;
				CODE_SIGN_IDENTITY = "Mac Developer";
				COPY_PHASE_STRIP = NO;
				DEBUG_INFORMATION_FORMAT = dwarf;
				ENABLE_STRICT_OBJC_MSGSEND = YES;
				ENABLE_TESTABILITY = YES;
				GCC_C_LANGUAGE_STANDARD = gnu11;
				GCC_DYNAMIC_NO_PIC = NO;
				GCC_NO_COMMON_BLOCKS = YES;
				GCC_OPTIMIZATION_LEVEL = 0;
				GCC_PREPROCESSOR_DEFINITIONS = (
					"DEBUG=1",
					"$(inherited)",
				);
				GCC_WARN_64_TO_32_BIT_CONVERSION = YES;
				GCC_WARN_ABOUT_RETURN_TYPE = YES_ERROR;
				GCC_WARN_UNDECLARED_SELECTOR = YES;
				GCC_WARN_UNINITIALIZED_AUTOS = YES_AGGRESSIVE;
				GCC_WARN_UNUSED_FUNCTION = YES;
				GCC_WARN_UNUSED_VARIABLE = YES;
				MACOSX_DEPLOYMENT_TARGET = 10.14;
				MTL_ENABLE_DEBUG_INFO = INCLUDE_SOURCE;
				ONLY_ACTIVE_ARCH = YES;
				SDKROOT = macosx;
			};
			name = Debug;
		};
		304F848C2113C7CD00737746 /* Release */ = {
			isa = XCBuildConfiguration;
			buildSettings = {
				ALWAYS_SEARCH_USER_PATHS = NO;
				CLANG_ANALYZER_NONNULL = YES;
				CLANG_ANALYZER_NUMBER_OBJECT_CONVERSION = YES_AGGRESSIVE;
				CLANG_CXX_LANGUAGE_STANDARD = "gnu++14";
				CLANG_CXX_LIBRARY = "libc++";
				CLANG_ENABLE_MODULES = YES;
				CLANG_ENABLE_OBJC_ARC = YES;
				CLANG_ENABLE_OBJC_WEAK = YES;
				CLANG_WARN_BLOCK_CAPTURE_AUTORELEASING = YES;
				CLANG_WARN_BOOL_CONVERSION = YES;
				CLANG_WARN_COMMA = YES;
				CLANG_WARN_CONSTANT_CONVERSION = YES;
				CLANG_WARN_DEPRECATED_OBJC_IMPLEMENTATIONS = YES;
				CLANG_WARN_DIRECT_OBJC_ISA_USAGE = YES_ERROR;
				CLANG_WARN_DOCUMENTATION_COMMENTS = YES;
				CLANG_WARN_EMPTY_BODY = YES;
				CLANG_WARN_ENUM_CONVERSION = YES;
				CLANG_WARN_INFINITE_RECURSION = YES;
				CLANG_WARN_INT_CONVERSION = YES;
				CLANG_WARN_NON_LITERAL_NULL_CONVERSION = YES;
				CLANG_WARN_OBJC_IMPLICIT_RETAIN_SELF = YES;
				CLANG_WARN_OBJC_LITERAL_CONVERSION = YES;
				CLANG_WARN_OBJC_ROOT_CLASS = YES_ERROR;
				CLANG_WARN_RANGE_LOOP_ANALYSIS = YES;
				CLANG_WARN_STRICT_PROTOTYPES = YES;
				CLANG_WARN_SUSPICIOUS_MOVE = YES;
				CLANG_WARN_UNGUARDED_AVAILABILITY = YES_AGGRESSIVE;
				CLANG_WARN_UNREACHABLE_CODE = YES;
				CLANG_WARN__DUPLICATE_METHOD_MATCH = YES;
				CODE_SIGN_IDENTITY = "Mac Developer";
				COPY_PHASE_STRIP = NO;
				DEBUG_INFORMATION_FORMAT = "dwarf-with-dsym";
				ENABLE_NS_ASSERTIONS = NO;
				ENABLE_STRICT_OBJC_MSGSEND = YES;
				GCC_C_LANGUAGE_STANDARD = gnu11;
				GCC_NO_COMMON_BLOCKS = YES;
				GCC_WARN_64_TO_32_BIT_CONVERSION = YES;
				GCC_WARN_ABOUT_RETURN_TYPE = YES_ERROR;
				GCC_WARN_UNDECLARED_SELECTOR = YES;
				GCC_WARN_UNINITIALIZED_AUTOS = YES_AGGRESSIVE;
				GCC_WARN_UNUSED_FUNCTION = YES;
				GCC_WARN_UNUSED_VARIABLE = YES;
				MACOSX_DEPLOYMENT_TARGET = 10.14;
				MTL_ENABLE_DEBUG_INFO = NO;
				SDKROOT = macosx;
			};
			name = Release;
		};
		304F848E2113C7CD00737746 /* Debug */ = {
			isa = XCBuildConfiguration;
			buildSettings = {
				CODE_SIGN_STYLE = Automatic;
				DEVELOPMENT_TEAM = D54ZHB8K4R;
				FRAMEWORK_SEARCH_PATHS = (
					"$(inherited)",
					"$(LOCAL_LIBRARY_DIR)/Frameworks",
				);
				PRODUCT_NAME = "$(TARGET_NAME)";
			};
			name = Debug;
		};
		304F848F2113C7CD00737746 /* Release */ = {
			isa = XCBuildConfiguration;
			buildSettings = {
				CODE_SIGN_STYLE = Automatic;
				DEVELOPMENT_TEAM = D54ZHB8K4R;
				FRAMEWORK_SEARCH_PATHS = (
					"$(inherited)",
					"$(LOCAL_LIBRARY_DIR)/Frameworks",
				);
				PRODUCT_NAME = "$(TARGET_NAME)";
			};
			name = Release;
		};
/* End XCBuildConfiguration section */

/* Begin XCConfigurationList section */
		304F84812113C7CD00737746 /* Build configuration list for PBXProject "TileEdit" */ = {
			isa = XCConfigurationList;
			buildConfigurations = (
				304F848B2113C7CD00737746 /* Debug */,
				304F848C2113C7CD00737746 /* Release */,
			);
			defaultConfigurationIsVisible = 0;
			defaultConfigurationName = Release;
		};
		304F848D2113C7CD00737746 /* Build configuration list for PBXNativeTarget "TileEdit" */ = {
			isa = XCConfigurationList;
			buildConfigurations = (
				304F848E2113C7CD00737746 /* Debug */,
				304F848F2113C7CD00737746 /* Release */,
			);
			defaultConfigurationIsVisible = 0;
			defaultConfigurationName = Release;
		};
/* End XCConfigurationList section */
	};
	rootObject = 304F847E2113C7CD00737746 /* Project object */;
}
